
Microsoft Visual Studio Solution File, Format Version 12.00
# Visual Studio Version 17
VisualStudioVersion = 17.4.33403.182
MinimumVisualStudioVersion = 10.0.40219.1
Project("{FAE04EC0-301F-11D3-BF4B-00C04F79EFBC}") = "1102056_HW1", "1102056_HW1\1102056_HW1.csproj", "{B7EE0659-C35D-4D9D-8D95-3AB1F5A46147}"
EndProject
Global
	GlobalSection(SolutionConfigurationPlatforms) = preSolution
		Debug|Any CPU = Debug|Any CPU
		Release|Any CPU = Release|Any CPU
	EndGlobalSection
	GlobalSection(ProjectConfigurationPlatforms) = postSolution
		{B7EE0659-C35D-4D9D-8D95-3AB1F5A46147}.Debug|Any CPU.ActiveCfg = Debug|Any CPU
		{B7EE0659-C35D-4D9D-8D95-3AB1F5A46147}.Debug|Any CPU.Build.0 = Debug|Any CPU
		{B7EE0659-C35D-4D9D-8D95-3AB1F5A46147}.Release|Any CPU.ActiveCfg = Release|Any CPU
		{B7EE0659-C35D-4D9D-8D95-3AB1F5A46147}.Release|Any CPU.Build.0 = Release|Any CPU
	EndGlobalSection
	GlobalSection(SolutionProperties) = preSolution
		HideSolutionNode = FALSE
	EndGlobalSection
	GlobalSection(ExtensibilityGlobals) = postSolution
		SolutionGuid = {D25D40FD-ACE6-4176-8626-DB352C0F7EC7}
	EndGlobalSection
EndGlobal
