
Microsoft Visual Studio Solution File, Format Version 12.00
# Visual Studio Version 17
VisualStudioVersion = 17.8.34316.72
MinimumVisualStudioVersion = 10.0.40219.1
Project("{FAE04EC0-301F-11D3-BF4B-00C04F79EFBC}") = "1102056_HW4", "1102056_HW4\1102056_HW4.csproj", "{0858ACF9-3B54-4499-89A6-6480108BEBD0}"
EndProject
Global
	GlobalSection(SolutionConfigurationPlatforms) = preSolution
		Debug|Any CPU = Debug|Any CPU
		Release|Any CPU = Release|Any CPU
	EndGlobalSection
	GlobalSection(ProjectConfigurationPlatforms) = postSolution
		{0858ACF9-3B54-4499-89A6-6480108BEBD0}.Debug|Any CPU.ActiveCfg = Debug|Any CPU
		{0858ACF9-3B54-4499-89A6-6480108BEBD0}.Debug|Any CPU.Build.0 = Debug|Any CPU
		{0858ACF9-3B54-4499-89A6-6480108BEBD0}.Release|Any CPU.ActiveCfg = Release|Any CPU
		{0858ACF9-3B54-4499-89A6-6480108BEBD0}.Release|Any CPU.Build.0 = Release|Any CPU
	EndGlobalSection
	GlobalSection(SolutionProperties) = preSolution
		HideSolutionNode = FALSE
	EndGlobalSection
	GlobalSection(ExtensibilityGlobals) = postSolution
		SolutionGuid = {7C212ABB-1C9C-44BF-B94D-FEB6B432AC61}
	EndGlobalSection
EndGlobal
